
Microsoft Visual Studio Solution File, Format Version 12.00
# Visual Studio 15
VisualStudioVersion = 15.0.28307.421
MinimumVisualStudioVersion = 10.0.40219.1
Project("{FAE04EC0-301F-11D3-BF4B-00C04F79EFBC}") = "ConsoleApp1", "ConsoleApp1\ConsoleApp1.csproj", "{DDDD387B-F9E2-4544-A059-9DB50BE4CCDB}"
EndProject
Project("{FAE04EC0-301F-11D3-BF4B-00C04F79EFBC}") = "ConsoleApp2", "ConsoleApp2\ConsoleApp2.csproj", "{9797B0AB-8CC5-464D-A67E-82F807645112}"
EndProject
Global
	GlobalSection(SolutionConfigurationPlatforms) = preSolution
		Debug|Any CPU = Debug|Any CPU
		Release|Any CPU = Release|Any CPU
	EndGlobalSection
	GlobalSection(ProjectConfigurationPlatforms) = postSolution
		{DDDD387B-F9E2-4544-A059-9DB50BE4CCDB}.Debug|Any CPU.ActiveCfg = Debug|Any CPU
		{DDDD387B-F9E2-4544-A059-9DB50BE4CCDB}.Debug|Any CPU.Build.0 = Debug|Any CPU
		{DDDD387B-F9E2-4544-A059-9DB50BE4CCDB}.Release|Any CPU.ActiveCfg = Release|Any CPU
		{DDDD387B-F9E2-4544-A059-9DB50BE4CCDB}.Release|Any CPU.Build.0 = Release|Any CPU
		{9797B0AB-8CC5-464D-A67E-82F807645112}.Debug|Any CPU.ActiveCfg = Debug|Any CPU
		{9797B0AB-8CC5-464D-A67E-82F807645112}.Debug|Any CPU.Build.0 = Debug|Any CPU
		{9797B0AB-8CC5-464D-A67E-82F807645112}.Release|Any CPU.ActiveCfg = Release|Any CPU
		{9797B0AB-8CC5-464D-A67E-82F807645112}.Release|Any CPU.Build.0 = Release|Any CPU
	EndGlobalSection
	GlobalSection(SolutionProperties) = preSolution
		HideSolutionNode = FALSE
	EndGlobalSection
	GlobalSection(ExtensibilityGlobals) = postSolution
		SolutionGuid = {F1B683D5-9108-4629-98CA-23CAE785C05D}
	EndGlobalSection
EndGlobal
